
Microsoft Visual Studio Solution File, Format Version 12.00
# Visual Studio 15
VisualStudioVersion = 15.0.28307.1022
MinimumVisualStudioVersion = 10.0.40219.1
Project("{8BC9CEB8-8B4A-11D0-8D11-00A0C91BC942}") = "invertTree", "invertTree\invertTree.vcxproj", "{04C5F307-92FE-4C7B-A63B-B4BFB755B208}"
EndProject
Global
	GlobalSection(SolutionConfigurationPlatforms) = preSolution
		Debug|x64 = Debug|x64
		Debug|x86 = Debug|x86
		Release|x64 = Release|x64
		Release|x86 = Release|x86
	EndGlobalSection
	GlobalSection(ProjectConfigurationPlatforms) = postSolution
		{04C5F307-92FE-4C7B-A63B-B4BFB755B208}.Debug|x64.ActiveCfg = Debug|x64
		{04C5F307-92FE-4C7B-A63B-B4BFB755B208}.Debug|x64.Build.0 = Debug|x64
		{04C5F307-92FE-4C7B-A63B-B4BFB755B208}.Debug|x86.ActiveCfg = Debug|Win32
		{04C5F307-92FE-4C7B-A63B-B4BFB755B208}.Debug|x86.Build.0 = Debug|Win32
		{04C5F307-92FE-4C7B-A63B-B4BFB755B208}.Release|x64.ActiveCfg = Release|x64
		{04C5F307-92FE-4C7B-A63B-B4BFB755B208}.Release|x64.Build.0 = Release|x64
		{04C5F307-92FE-4C7B-A63B-B4BFB755B208}.Release|x86.ActiveCfg = Release|Win32
		{04C5F307-92FE-4C7B-A63B-B4BFB755B208}.Release|x86.Build.0 = Release|Win32
	EndGlobalSection
	GlobalSection(SolutionProperties) = preSolution
		HideSolutionNode = FALSE
	EndGlobalSection
	GlobalSection(ExtensibilityGlobals) = postSolution
		SolutionGuid = {6B080117-8A14-4FFE-8BF2-C726ED44FE01}
	EndGlobalSection
EndGlobal
