
Microsoft Visual Studio Solution File, Format Version 12.00
# Visual Studio 15
VisualStudioVersion = 15.0.28307.1062
MinimumVisualStudioVersion = 10.0.40219.1
Project("{8BC9CEB8-8B4A-11D0-8D11-00A0C91BC942}") = "levelOrder1", "levelOrder1\levelOrder1.vcxproj", "{6C5B4859-BD77-4FDA-8C37-74220A46CADF}"
EndProject
Global
	GlobalSection(SolutionConfigurationPlatforms) = preSolution
		Debug|x64 = Debug|x64
		Debug|x86 = Debug|x86
		Release|x64 = Release|x64
		Release|x86 = Release|x86
	EndGlobalSection
	GlobalSection(ProjectConfigurationPlatforms) = postSolution
		{6C5B4859-BD77-4FDA-8C37-74220A46CADF}.Debug|x64.ActiveCfg = Debug|x64
		{6C5B4859-BD77-4FDA-8C37-74220A46CADF}.Debug|x64.Build.0 = Debug|x64
		{6C5B4859-BD77-4FDA-8C37-74220A46CADF}.Debug|x86.ActiveCfg = Debug|Win32
		{6C5B4859-BD77-4FDA-8C37-74220A46CADF}.Debug|x86.Build.0 = Debug|Win32
		{6C5B4859-BD77-4FDA-8C37-74220A46CADF}.Release|x64.ActiveCfg = Release|x64
		{6C5B4859-BD77-4FDA-8C37-74220A46CADF}.Release|x64.Build.0 = Release|x64
		{6C5B4859-BD77-4FDA-8C37-74220A46CADF}.Release|x86.ActiveCfg = Release|Win32
		{6C5B4859-BD77-4FDA-8C37-74220A46CADF}.Release|x86.Build.0 = Release|Win32
	EndGlobalSection
	GlobalSection(SolutionProperties) = preSolution
		HideSolutionNode = FALSE
	EndGlobalSection
	GlobalSection(ExtensibilityGlobals) = postSolution
		SolutionGuid = {798CF21E-42E6-4B5B-8223-2EBA48C9EACA}
	EndGlobalSection
EndGlobal
