
Microsoft Visual Studio Solution File, Format Version 12.00
# Visual Studio 15
VisualStudioVersion = 15.0.28307.852
MinimumVisualStudioVersion = 10.0.40219.1
Project("{8BC9CEB8-8B4A-11D0-8D11-00A0C91BC942}") = "Project9", "Project9\Project9.vcxproj", "{D8FB6953-F11E-4134-AE96-3CDDA19EF0CC}"
EndProject
Global
	GlobalSection(SolutionConfigurationPlatforms) = preSolution
		Debug|x64 = Debug|x64
		Debug|x86 = Debug|x86
		Release|x64 = Release|x64
		Release|x86 = Release|x86
	EndGlobalSection
	GlobalSection(ProjectConfigurationPlatforms) = postSolution
		{D8FB6953-F11E-4134-AE96-3CDDA19EF0CC}.Debug|x64.ActiveCfg = Debug|x64
		{D8FB6953-F11E-4134-AE96-3CDDA19EF0CC}.Debug|x64.Build.0 = Debug|x64
		{D8FB6953-F11E-4134-AE96-3CDDA19EF0CC}.Debug|x86.ActiveCfg = Debug|Win32
		{D8FB6953-F11E-4134-AE96-3CDDA19EF0CC}.Debug|x86.Build.0 = Debug|Win32
		{D8FB6953-F11E-4134-AE96-3CDDA19EF0CC}.Release|x64.ActiveCfg = Release|x64
		{D8FB6953-F11E-4134-AE96-3CDDA19EF0CC}.Release|x64.Build.0 = Release|x64
		{D8FB6953-F11E-4134-AE96-3CDDA19EF0CC}.Release|x86.ActiveCfg = Release|Win32
		{D8FB6953-F11E-4134-AE96-3CDDA19EF0CC}.Release|x86.Build.0 = Release|Win32
	EndGlobalSection
	GlobalSection(SolutionProperties) = preSolution
		HideSolutionNode = FALSE
	EndGlobalSection
	GlobalSection(ExtensibilityGlobals) = postSolution
		SolutionGuid = {6C71B875-AF29-4B02-9E8A-BE1EE13B1D1D}
	EndGlobalSection
EndGlobal
