
Microsoft Visual Studio Solution File, Format Version 12.00
# Visual Studio 15
VisualStudioVersion = 15.0.28307.852
MinimumVisualStudioVersion = 10.0.40219.1
Project("{8BC9CEB8-8B4A-11D0-8D11-00A0C91BC942}") = "扫雷", "扫雷\扫雷.vcxproj", "{A4B812CB-F303-477F-A535-10E1686CBFED}"
EndProject
Global
	GlobalSection(SolutionConfigurationPlatforms) = preSolution
		Debug|x64 = Debug|x64
		Debug|x86 = Debug|x86
		Release|x64 = Release|x64
		Release|x86 = Release|x86
	EndGlobalSection
	GlobalSection(ProjectConfigurationPlatforms) = postSolution
		{A4B812CB-F303-477F-A535-10E1686CBFED}.Debug|x64.ActiveCfg = Debug|x64
		{A4B812CB-F303-477F-A535-10E1686CBFED}.Debug|x64.Build.0 = Debug|x64
		{A4B812CB-F303-477F-A535-10E1686CBFED}.Debug|x86.ActiveCfg = Debug|Win32
		{A4B812CB-F303-477F-A535-10E1686CBFED}.Debug|x86.Build.0 = Debug|Win32
		{A4B812CB-F303-477F-A535-10E1686CBFED}.Release|x64.ActiveCfg = Release|x64
		{A4B812CB-F303-477F-A535-10E1686CBFED}.Release|x64.Build.0 = Release|x64
		{A4B812CB-F303-477F-A535-10E1686CBFED}.Release|x86.ActiveCfg = Release|Win32
		{A4B812CB-F303-477F-A535-10E1686CBFED}.Release|x86.Build.0 = Release|Win32
	EndGlobalSection
	GlobalSection(SolutionProperties) = preSolution
		HideSolutionNode = FALSE
	EndGlobalSection
	GlobalSection(ExtensibilityGlobals) = postSolution
		SolutionGuid = {FDC067A2-79FB-4808-93DC-83034C97A010}
	EndGlobalSection
EndGlobal
