
Microsoft Visual Studio Solution File, Format Version 12.00
# Visual Studio 15
VisualStudioVersion = 15.0.28307.902
MinimumVisualStudioVersion = 10.0.40219.1
Project("{8BC9CEB8-8B4A-11D0-8D11-00A0C91BC942}") = "sizeof和数组", "sizeof和数组\sizeof和数组.vcxproj", "{FAB3DF6E-8280-4F5B-B457-64F951554806}"
EndProject
Global
	GlobalSection(SolutionConfigurationPlatforms) = preSolution
		Debug|x64 = Debug|x64
		Debug|x86 = Debug|x86
		Release|x64 = Release|x64
		Release|x86 = Release|x86
	EndGlobalSection
	GlobalSection(ProjectConfigurationPlatforms) = postSolution
		{FAB3DF6E-8280-4F5B-B457-64F951554806}.Debug|x64.ActiveCfg = Debug|x64
		{FAB3DF6E-8280-4F5B-B457-64F951554806}.Debug|x64.Build.0 = Debug|x64
		{FAB3DF6E-8280-4F5B-B457-64F951554806}.Debug|x86.ActiveCfg = Debug|Win32
		{FAB3DF6E-8280-4F5B-B457-64F951554806}.Debug|x86.Build.0 = Debug|Win32
		{FAB3DF6E-8280-4F5B-B457-64F951554806}.Release|x64.ActiveCfg = Release|x64
		{FAB3DF6E-8280-4F5B-B457-64F951554806}.Release|x64.Build.0 = Release|x64
		{FAB3DF6E-8280-4F5B-B457-64F951554806}.Release|x86.ActiveCfg = Release|Win32
		{FAB3DF6E-8280-4F5B-B457-64F951554806}.Release|x86.Build.0 = Release|Win32
	EndGlobalSection
	GlobalSection(SolutionProperties) = preSolution
		HideSolutionNode = FALSE
	EndGlobalSection
	GlobalSection(ExtensibilityGlobals) = postSolution
		SolutionGuid = {97AC846B-FF50-44AD-A94A-1D7B3C1F88DB}
	EndGlobalSection
EndGlobal
