
Microsoft Visual Studio Solution File, Format Version 12.00
# Visual Studio 15
VisualStudioVersion = 15.0.28307.902
MinimumVisualStudioVersion = 10.0.40219.1
Project("{8BC9CEB8-8B4A-11D0-8D11-00A0C91BC942}") = "跳水比赛问题", "跳水比赛问题\跳水比赛问题.vcxproj", "{439D48D9-31E4-4A11-9012-9501316D1DAA}"
EndProject
Global
	GlobalSection(SolutionConfigurationPlatforms) = preSolution
		Debug|x64 = Debug|x64
		Debug|x86 = Debug|x86
		Release|x64 = Release|x64
		Release|x86 = Release|x86
	EndGlobalSection
	GlobalSection(ProjectConfigurationPlatforms) = postSolution
		{439D48D9-31E4-4A11-9012-9501316D1DAA}.Debug|x64.ActiveCfg = Debug|x64
		{439D48D9-31E4-4A11-9012-9501316D1DAA}.Debug|x64.Build.0 = Debug|x64
		{439D48D9-31E4-4A11-9012-9501316D1DAA}.Debug|x86.ActiveCfg = Debug|Win32
		{439D48D9-31E4-4A11-9012-9501316D1DAA}.Debug|x86.Build.0 = Debug|Win32
		{439D48D9-31E4-4A11-9012-9501316D1DAA}.Release|x64.ActiveCfg = Release|x64
		{439D48D9-31E4-4A11-9012-9501316D1DAA}.Release|x64.Build.0 = Release|x64
		{439D48D9-31E4-4A11-9012-9501316D1DAA}.Release|x86.ActiveCfg = Release|Win32
		{439D48D9-31E4-4A11-9012-9501316D1DAA}.Release|x86.Build.0 = Release|Win32
	EndGlobalSection
	GlobalSection(SolutionProperties) = preSolution
		HideSolutionNode = FALSE
	EndGlobalSection
	GlobalSection(ExtensibilityGlobals) = postSolution
		SolutionGuid = {5EDA887D-04F0-4E87-A126-A8D4DFD75592}
	EndGlobalSection
EndGlobal
