
Microsoft Visual Studio Solution File, Format Version 12.00
# Visual Studio 15
VisualStudioVersion = 15.0.28307.1062
MinimumVisualStudioVersion = 10.0.40219.1
Project("{8BC9CEB8-8B4A-11D0-8D11-00A0C91BC942}") = "Stack-Queue", "Stack-Queue\Stack-Queue.vcxproj", "{8BEAEF16-03D4-4553-8D6C-7E8C9F7C29FF}"
EndProject
Global
	GlobalSection(SolutionConfigurationPlatforms) = preSolution
		Debug|x64 = Debug|x64
		Debug|x86 = Debug|x86
		Release|x64 = Release|x64
		Release|x86 = Release|x86
	EndGlobalSection
	GlobalSection(ProjectConfigurationPlatforms) = postSolution
		{8BEAEF16-03D4-4553-8D6C-7E8C9F7C29FF}.Debug|x64.ActiveCfg = Debug|x64
		{8BEAEF16-03D4-4553-8D6C-7E8C9F7C29FF}.Debug|x64.Build.0 = Debug|x64
		{8BEAEF16-03D4-4553-8D6C-7E8C9F7C29FF}.Debug|x86.ActiveCfg = Debug|Win32
		{8BEAEF16-03D4-4553-8D6C-7E8C9F7C29FF}.Debug|x86.Build.0 = Debug|Win32
		{8BEAEF16-03D4-4553-8D6C-7E8C9F7C29FF}.Release|x64.ActiveCfg = Release|x64
		{8BEAEF16-03D4-4553-8D6C-7E8C9F7C29FF}.Release|x64.Build.0 = Release|x64
		{8BEAEF16-03D4-4553-8D6C-7E8C9F7C29FF}.Release|x86.ActiveCfg = Release|Win32
		{8BEAEF16-03D4-4553-8D6C-7E8C9F7C29FF}.Release|x86.Build.0 = Release|Win32
	EndGlobalSection
	GlobalSection(SolutionProperties) = preSolution
		HideSolutionNode = FALSE
	EndGlobalSection
	GlobalSection(ExtensibilityGlobals) = postSolution
		SolutionGuid = {A6C61996-2809-431C-BF2D-534A47D2F098}
	EndGlobalSection
EndGlobal
