
Microsoft Visual Studio Solution File, Format Version 12.00
# Visual Studio 15
VisualStudioVersion = 15.0.28307.902
MinimumVisualStudioVersion = 10.0.40219.1
Project("{8BC9CEB8-8B4A-11D0-8D11-00A0C91BC942}") = "strncat", "strncat\strncat.vcxproj", "{1DEB7241-2C57-4857-B716-7D4F35D486E4}"
EndProject
Global
	GlobalSection(SolutionConfigurationPlatforms) = preSolution
		Debug|x64 = Debug|x64
		Debug|x86 = Debug|x86
		Release|x64 = Release|x64
		Release|x86 = Release|x86
	EndGlobalSection
	GlobalSection(ProjectConfigurationPlatforms) = postSolution
		{1DEB7241-2C57-4857-B716-7D4F35D486E4}.Debug|x64.ActiveCfg = Debug|x64
		{1DEB7241-2C57-4857-B716-7D4F35D486E4}.Debug|x64.Build.0 = Debug|x64
		{1DEB7241-2C57-4857-B716-7D4F35D486E4}.Debug|x86.ActiveCfg = Debug|Win32
		{1DEB7241-2C57-4857-B716-7D4F35D486E4}.Debug|x86.Build.0 = Debug|Win32
		{1DEB7241-2C57-4857-B716-7D4F35D486E4}.Release|x64.ActiveCfg = Release|x64
		{1DEB7241-2C57-4857-B716-7D4F35D486E4}.Release|x64.Build.0 = Release|x64
		{1DEB7241-2C57-4857-B716-7D4F35D486E4}.Release|x86.ActiveCfg = Release|Win32
		{1DEB7241-2C57-4857-B716-7D4F35D486E4}.Release|x86.Build.0 = Release|Win32
	EndGlobalSection
	GlobalSection(SolutionProperties) = preSolution
		HideSolutionNode = FALSE
	EndGlobalSection
	GlobalSection(ExtensibilityGlobals) = postSolution
		SolutionGuid = {6C8E2828-95C8-4429-B89B-9AA54B19F36B}
	EndGlobalSection
EndGlobal
