
Microsoft Visual Studio Solution File, Format Version 12.00
# Visual Studio 15
VisualStudioVersion = 15.0.28307.852
MinimumVisualStudioVersion = 10.0.40219.1
Project("{8BC9CEB8-8B4A-11D0-8D11-00A0C91BC942}") = "函数返回各位置数和", "函数返回各位置数和\函数返回各位置数和.vcxproj", "{DDAF0EFF-7417-4218-8EB7-A1C03FCA8025}"
EndProject
Global
	GlobalSection(SolutionConfigurationPlatforms) = preSolution
		Debug|x64 = Debug|x64
		Debug|x86 = Debug|x86
		Release|x64 = Release|x64
		Release|x86 = Release|x86
	EndGlobalSection
	GlobalSection(ProjectConfigurationPlatforms) = postSolution
		{DDAF0EFF-7417-4218-8EB7-A1C03FCA8025}.Debug|x64.ActiveCfg = Debug|x64
		{DDAF0EFF-7417-4218-8EB7-A1C03FCA8025}.Debug|x64.Build.0 = Debug|x64
		{DDAF0EFF-7417-4218-8EB7-A1C03FCA8025}.Debug|x86.ActiveCfg = Debug|Win32
		{DDAF0EFF-7417-4218-8EB7-A1C03FCA8025}.Debug|x86.Build.0 = Debug|Win32
		{DDAF0EFF-7417-4218-8EB7-A1C03FCA8025}.Release|x64.ActiveCfg = Release|x64
		{DDAF0EFF-7417-4218-8EB7-A1C03FCA8025}.Release|x64.Build.0 = Release|x64
		{DDAF0EFF-7417-4218-8EB7-A1C03FCA8025}.Release|x86.ActiveCfg = Release|Win32
		{DDAF0EFF-7417-4218-8EB7-A1C03FCA8025}.Release|x86.Build.0 = Release|Win32
	EndGlobalSection
	GlobalSection(SolutionProperties) = preSolution
		HideSolutionNode = FALSE
	EndGlobalSection
	GlobalSection(ExtensibilityGlobals) = postSolution
		SolutionGuid = {1D30BE8B-D843-410A-B53B-5511A3EA1017}
	EndGlobalSection
EndGlobal
