
Microsoft Visual Studio Solution File, Format Version 12.00
# Visual Studio 15
VisualStudioVersion = 15.0.28307.1022
MinimumVisualStudioVersion = 10.0.40219.1
Project("{8BC9CEB8-8B4A-11D0-8D11-00A0C91BC942}") = "isFlipedString", "isFlipedString\isFlipedString.vcxproj", "{AFCB4F95-A957-4BCF-897F-8D8E0F756C22}"
EndProject
Global
	GlobalSection(SolutionConfigurationPlatforms) = preSolution
		Debug|x64 = Debug|x64
		Debug|x86 = Debug|x86
		Release|x64 = Release|x64
		Release|x86 = Release|x86
	EndGlobalSection
	GlobalSection(ProjectConfigurationPlatforms) = postSolution
		{AFCB4F95-A957-4BCF-897F-8D8E0F756C22}.Debug|x64.ActiveCfg = Debug|x64
		{AFCB4F95-A957-4BCF-897F-8D8E0F756C22}.Debug|x64.Build.0 = Debug|x64
		{AFCB4F95-A957-4BCF-897F-8D8E0F756C22}.Debug|x86.ActiveCfg = Debug|Win32
		{AFCB4F95-A957-4BCF-897F-8D8E0F756C22}.Debug|x86.Build.0 = Debug|Win32
		{AFCB4F95-A957-4BCF-897F-8D8E0F756C22}.Release|x64.ActiveCfg = Release|x64
		{AFCB4F95-A957-4BCF-897F-8D8E0F756C22}.Release|x64.Build.0 = Release|x64
		{AFCB4F95-A957-4BCF-897F-8D8E0F756C22}.Release|x86.ActiveCfg = Release|Win32
		{AFCB4F95-A957-4BCF-897F-8D8E0F756C22}.Release|x86.Build.0 = Release|Win32
	EndGlobalSection
	GlobalSection(SolutionProperties) = preSolution
		HideSolutionNode = FALSE
	EndGlobalSection
	GlobalSection(ExtensibilityGlobals) = postSolution
		SolutionGuid = {BEE5C081-0405-42F3-A9A9-53D288E28F13}
	EndGlobalSection
EndGlobal
