
Microsoft Visual Studio Solution File, Format Version 12.00
# Visual Studio 15
VisualStudioVersion = 15.0.28307.1062
MinimumVisualStudioVersion = 10.0.40219.1
Project("{8BC9CEB8-8B4A-11D0-8D11-00A0C91BC942}") = "buildTree", "buildTree\buildTree.vcxproj", "{E9E9AC48-79AD-4441-AF41-2FB2E13E14CF}"
EndProject
Global
	GlobalSection(SolutionConfigurationPlatforms) = preSolution
		Debug|x64 = Debug|x64
		Debug|x86 = Debug|x86
		Release|x64 = Release|x64
		Release|x86 = Release|x86
	EndGlobalSection
	GlobalSection(ProjectConfigurationPlatforms) = postSolution
		{E9E9AC48-79AD-4441-AF41-2FB2E13E14CF}.Debug|x64.ActiveCfg = Debug|x64
		{E9E9AC48-79AD-4441-AF41-2FB2E13E14CF}.Debug|x64.Build.0 = Debug|x64
		{E9E9AC48-79AD-4441-AF41-2FB2E13E14CF}.Debug|x86.ActiveCfg = Debug|Win32
		{E9E9AC48-79AD-4441-AF41-2FB2E13E14CF}.Debug|x86.Build.0 = Debug|Win32
		{E9E9AC48-79AD-4441-AF41-2FB2E13E14CF}.Release|x64.ActiveCfg = Release|x64
		{E9E9AC48-79AD-4441-AF41-2FB2E13E14CF}.Release|x64.Build.0 = Release|x64
		{E9E9AC48-79AD-4441-AF41-2FB2E13E14CF}.Release|x86.ActiveCfg = Release|Win32
		{E9E9AC48-79AD-4441-AF41-2FB2E13E14CF}.Release|x86.Build.0 = Release|Win32
	EndGlobalSection
	GlobalSection(SolutionProperties) = preSolution
		HideSolutionNode = FALSE
	EndGlobalSection
	GlobalSection(ExtensibilityGlobals) = postSolution
		SolutionGuid = {68BA5F4E-8D45-429C-ADD9-45D2382F4112}
	EndGlobalSection
EndGlobal
